
Microsoft Visual Studio Solution File, Format Version 12.00
# Visual Studio Version 16
VisualStudioVersion = 16.0.32413.511
MinimumVisualStudioVersion = 10.0.40219.1
Project("{FAE04EC0-301F-11D3-BF4B-00C04F79EFBC}") = "alessandro", "alessandro\alessandro.csproj", "{9FC27670-3620-4C38-AED2-605AF6E63D44}"
EndProject
Global
	GlobalSection(SolutionConfigurationPlatforms) = preSolution
		Debug|Any CPU = Debug|Any CPU
		Release|Any CPU = Release|Any CPU
	EndGlobalSection
	GlobalSection(ProjectConfigurationPlatforms) = postSolution
		{9FC27670-3620-4C38-AED2-605AF6E63D44}.Debug|Any CPU.ActiveCfg = Debug|Any CPU
		{9FC27670-3620-4C38-AED2-605AF6E63D44}.Debug|Any CPU.Build.0 = Debug|Any CPU
		{9FC27670-3620-4C38-AED2-605AF6E63D44}.Release|Any CPU.ActiveCfg = Release|Any CPU
		{9FC27670-3620-4C38-AED2-605AF6E63D44}.Release|Any CPU.Build.0 = Release|Any CPU
	EndGlobalSection
	GlobalSection(SolutionProperties) = preSolution
		HideSolutionNode = FALSE
	EndGlobalSection
	GlobalSection(ExtensibilityGlobals) = postSolution
		SolutionGuid = {638BE02B-57D0-4858-8BE6-B4830D484DF0}
	EndGlobalSection
EndGlobal
